
Microsoft Visual Studio Solution File, Format Version 12.00
# Visual Studio 14
VisualStudioVersion = 14.0.25420.1
MinimumVisualStudioVersion = 10.0.40219.1
Project("{FAE04EC0-301F-11D3-BF4B-00C04F79EFBC}") = "CroquetAustralia.WebApi", "source\CroquetAustralia.WebApi\CroquetAustralia.WebApi.csproj", "{116B0FF3-C479-4C6D-A29A-A729A7D1E3BD}"
EndProject
Project("{FAE04EC0-301F-11D3-BF4B-00C04F79EFBC}") = "CroquetAustralia.Domain", "source\CroquetAustralia.Domain\CroquetAustralia.Domain.csproj", "{16452970-3D90-4595-9F04-38FF37991B68}"
EndProject
Project("{FAE04EC0-301F-11D3-BF4B-00C04F79EFBC}") = "CroquetAustralia.QueueProcessor", "source\CroquetAustralia.QueueProcessor\CroquetAustralia.QueueProcessor.csproj", "{15E06A79-66C1-438E-94D5-BCEDBE5494F0}"
EndProject
Project("{2150E333-8FDC-42A3-9474-1A3956D46DE8}") = "Applications", "Applications", "{89751C2D-8A75-4DC1-8564-CC1A3794A10B}"
EndProject
Project("{2150E333-8FDC-42A3-9474-1A3956D46DE8}") = "Libraries", "Libraries", "{454E4909-62BC-476A-8B78-30D4C058A2CB}"
EndProject
Project("{2150E333-8FDC-42A3-9474-1A3956D46DE8}") = "Specifications and Tests", "Specifications and Tests", "{A374734F-194F-46CE-B50E-B9A3AF482C45}"
EndProject
Project("{FAE04EC0-301F-11D3-BF4B-00C04F79EFBC}") = "CroquetAustralia.Library", "source\CroquetAustralia.Library\CroquetAustralia.Library.csproj", "{828311E0-71C0-46EF-9BCE-4454CBD249C8}"
EndProject
Project("{FAE04EC0-301F-11D3-BF4B-00C04F79EFBC}") = "CroquetAustralia.QueueProcessor.UnitTests", "tests\CroquetAustralia.QueueProcessor.UnitTests\CroquetAustralia.QueueProcessor.UnitTests.csproj", "{1B56AB56-2616-4728-A46F-ED382619AF41}"
EndProject
Project("{FAE04EC0-301F-11D3-BF4B-00C04F79EFBC}") = "CroquetAustralia.Domain.UnitTests", "tests\CroquetAustralia.Domain.UnitTests\CroquetAustralia.Domain.UnitTests.csproj", "{D875B471-F991-4074-9277-710ADA1B4FBF}"
EndProject
Project("{FAE04EC0-301F-11D3-BF4B-00C04F79EFBC}") = "CroquetAustralia.WebApi.EndToEndTests", "tests\CroquetAustralia.WebApi.EndToEndTests\CroquetAustralia.WebApi.EndToEndTests.csproj", "{070191CD-03E1-4E25-A838-A467CCD7989E}"
EndProject
Project("{FAE04EC0-301F-11D3-BF4B-00C04F79EFBC}") = "CroquetAustralia.WebApi.Specifications", "tests\CroquetAustralia.WebApi.Specifications\CroquetAustralia.WebApi.Specifications.csproj", "{3D454B05-1979-4D35-81D7-6144FCCC9620}"
EndProject
Project("{FAE04EC0-301F-11D3-BF4B-00C04F79EFBC}") = "CroquetAustralia.TestHelpers", "tests\CroquetAustralia.TestHelpers\CroquetAustralia.TestHelpers.csproj", "{B521EA77-9196-4C7A-BB1B-49AD8AFB12D7}"
EndProject
Project("{FAE04EC0-301F-11D3-BF4B-00C04F79EFBC}") = "CroquetAustralia.WebApi.UnitTests", "tests\CroquetAustralia.WebApi.UnitTests\CroquetAustralia.WebApi.UnitTests.csproj", "{03344FDC-5F35-498C-B98B-C429C8E1D4D9}"
EndProject
Project("{FAE04EC0-301F-11D3-BF4B-00C04F79EFBC}") = "CroquetAustralia.QueueProcessor.Specifications", "tests\CroquetAustralia.QueueProcessor.Specifications\CroquetAustralia.QueueProcessor.Specifications.csproj", "{E778BF62-CE21-4666-96FF-FAA38101137D}"
EndProject
Project("{FAE04EC0-301F-11D3-BF4B-00C04F79EFBC}") = "CroquetAustralia.DownloadTournamentEntries", "source\CroquetAustralia.DownloadTournamentEntries\CroquetAustralia.DownloadTournamentEntries.csproj", "{22ED3A26-6B63-460B-A44F-1C9F8EB85152}"
EndProject
Project("{FAE04EC0-301F-11D3-BF4B-00C04F79EFBC}") = "CroquetAustralia.WebApi.CommonTestHelpers", "tests\CroquetAustralia.WebApi.CommonTestHelpers\CroquetAustralia.WebApi.CommonTestHelpers.csproj", "{6C122FF0-5E61-4786-B2EA-E99B7DC0E32B}"
EndProject
Project("{FAE04EC0-301F-11D3-BF4B-00C04F79EFBC}") = "CroquetAustralia.QueueProcessor.EndToEndTests", "tests\CroquetAustralia.QueueProcessor.EndToEndTests\CroquetAustralia.QueueProcessor.EndToEndTests.csproj", "{300CE1CE-65A5-4C07-873D-96A5E4B1041D}"
EndProject
Project("{FAE04EC0-301F-11D3-BF4B-00C04F79EFBC}") = "CroquetAustralia.Domain.Specifications", "tests\CroquetAustralia.Domain.Specifications\CroquetAustralia.Domain.Specifications.csproj", "{E2801089-7B27-4579-AF0A-FEE1B6BD73F5}"
EndProject
Global
	GlobalSection(SolutionConfigurationPlatforms) = preSolution
		Debug|Any CPU = Debug|Any CPU
		Debug-AOT|Any CPU = Debug-AOT|Any CPU
		Debug-UnitySubset-v35|Any CPU = Debug-UnitySubset-v35|Any CPU
		Release|Any CPU = Release|Any CPU
		Release-Portable|Any CPU = Release-Portable|Any CPU
		Release-Portable-Signed|Any CPU = Release-Portable-Signed|Any CPU
		Release-Portable-Unsigned|Any CPU = Release-Portable-Unsigned|Any CPU
		Release-Signed|Any CPU = Release-Signed|Any CPU
		Release-UnitySubset-v35|Any CPU = Release-UnitySubset-v35|Any CPU
		Release-Unsigned|Any CPU = Release-Unsigned|Any CPU
	EndGlobalSection
	GlobalSection(ProjectConfigurationPlatforms) = postSolution
		{116B0FF3-C479-4C6D-A29A-A729A7D1E3BD}.Debug|Any CPU.ActiveCfg = Debug|Any CPU
		{116B0FF3-C479-4C6D-A29A-A729A7D1E3BD}.Debug|Any CPU.Build.0 = Debug|Any CPU
		{116B0FF3-C479-4C6D-A29A-A729A7D1E3BD}.Debug-AOT|Any CPU.ActiveCfg = Debug|Any CPU
		{116B0FF3-C479-4C6D-A29A-A729A7D1E3BD}.Debug-AOT|Any CPU.Build.0 = Debug|Any CPU
		{116B0FF3-C479-4C6D-A29A-A729A7D1E3BD}.Debug-UnitySubset-v35|Any CPU.ActiveCfg = Debug|Any CPU
		{116B0FF3-C479-4C6D-A29A-A729A7D1E3BD}.Debug-UnitySubset-v35|Any CPU.Build.0 = Debug|Any CPU
		{116B0FF3-C479-4C6D-A29A-A729A7D1E3BD}.Release|Any CPU.ActiveCfg = Release|Any CPU
		{116B0FF3-C479-4C6D-A29A-A729A7D1E3BD}.Release|Any CPU.Build.0 = Release|Any CPU
		{116B0FF3-C479-4C6D-A29A-A729A7D1E3BD}.Release-Portable|Any CPU.ActiveCfg = Release|Any CPU
		{116B0FF3-C479-4C6D-A29A-A729A7D1E3BD}.Release-Portable|Any CPU.Build.0 = Release|Any CPU
		{116B0FF3-C479-4C6D-A29A-A729A7D1E3BD}.Release-Portable-Signed|Any CPU.ActiveCfg = Release|Any CPU
		{116B0FF3-C479-4C6D-A29A-A729A7D1E3BD}.Release-Portable-Signed|Any CPU.Build.0 = Release|Any CPU
		{116B0FF3-C479-4C6D-A29A-A729A7D1E3BD}.Release-Portable-Unsigned|Any CPU.ActiveCfg = Release|Any CPU
		{116B0FF3-C479-4C6D-A29A-A729A7D1E3BD}.Release-Portable-Unsigned|Any CPU.Build.0 = Release|Any CPU
		{116B0FF3-C479-4C6D-A29A-A729A7D1E3BD}.Release-Signed|Any CPU.ActiveCfg = Release|Any CPU
		{116B0FF3-C479-4C6D-A29A-A729A7D1E3BD}.Release-Signed|Any CPU.Build.0 = Release|Any CPU
		{116B0FF3-C479-4C6D-A29A-A729A7D1E3BD}.Release-UnitySubset-v35|Any CPU.ActiveCfg = Release|Any CPU
		{116B0FF3-C479-4C6D-A29A-A729A7D1E3BD}.Release-UnitySubset-v35|Any CPU.Build.0 = Release|Any CPU
		{116B0FF3-C479-4C6D-A29A-A729A7D1E3BD}.Release-Unsigned|Any CPU.ActiveCfg = Release|Any CPU
		{116B0FF3-C479-4C6D-A29A-A729A7D1E3BD}.Release-Unsigned|Any CPU.Build.0 = Release|Any CPU
		{16452970-3D90-4595-9F04-38FF37991B68}.Debug|Any CPU.ActiveCfg = Debug|Any CPU
		{16452970-3D90-4595-9F04-38FF37991B68}.Debug|Any CPU.Build.0 = Debug|Any CPU
		{16452970-3D90-4595-9F04-38FF37991B68}.Debug-AOT|Any CPU.ActiveCfg = Debug|Any CPU
		{16452970-3D90-4595-9F04-38FF37991B68}.Debug-AOT|Any CPU.Build.0 = Debug|Any CPU
		{16452970-3D90-4595-9F04-38FF37991B68}.Debug-UnitySubset-v35|Any CPU.ActiveCfg = Debug|Any CPU
		{16452970-3D90-4595-9F04-38FF37991B68}.Debug-UnitySubset-v35|Any CPU.Build.0 = Debug|Any CPU
		{16452970-3D90-4595-9F04-38FF37991B68}.Release|Any CPU.ActiveCfg = Release|Any CPU
		{16452970-3D90-4595-9F04-38FF37991B68}.Release|Any CPU.Build.0 = Release|Any CPU
		{16452970-3D90-4595-9F04-38FF37991B68}.Release-Portable|Any CPU.ActiveCfg = Release|Any CPU
		{16452970-3D90-4595-9F04-38FF37991B68}.Release-Portable|Any CPU.Build.0 = Release|Any CPU
		{16452970-3D90-4595-9F04-38FF37991B68}.Release-Portable-Signed|Any CPU.ActiveCfg = Release|Any CPU
		{16452970-3D90-4595-9F04-38FF37991B68}.Release-Portable-Signed|Any CPU.Build.0 = Release|Any CPU
		{16452970-3D90-4595-9F04-38FF37991B68}.Release-Portable-Unsigned|Any CPU.ActiveCfg = Release|Any CPU
		{16452970-3D90-4595-9F04-38FF37991B68}.Release-Portable-Unsigned|Any CPU.Build.0 = Release|Any CPU
		{16452970-3D90-4595-9F04-38FF37991B68}.Release-Signed|Any CPU.ActiveCfg = Release|Any CPU
		{16452970-3D90-4595-9F04-38FF37991B68}.Release-Signed|Any CPU.Build.0 = Release|Any CPU
		{16452970-3D90-4595-9F04-38FF37991B68}.Release-UnitySubset-v35|Any CPU.ActiveCfg = Release|Any CPU
		{16452970-3D90-4595-9F04-38FF37991B68}.Release-UnitySubset-v35|Any CPU.Build.0 = Release|Any CPU
		{16452970-3D90-4595-9F04-38FF37991B68}.Release-Unsigned|Any CPU.ActiveCfg = Release|Any CPU
		{16452970-3D90-4595-9F04-38FF37991B68}.Release-Unsigned|Any CPU.Build.0 = Release|Any CPU
		{15E06A79-66C1-438E-94D5-BCEDBE5494F0}.Debug|Any CPU.ActiveCfg = Debug|Any CPU
		{15E06A79-66C1-438E-94D5-BCEDBE5494F0}.Debug|Any CPU.Build.0 = Debug|Any CPU
		{15E06A79-66C1-438E-94D5-BCEDBE5494F0}.Debug-AOT|Any CPU.ActiveCfg = Debug|Any CPU
		{15E06A79-66C1-438E-94D5-BCEDBE5494F0}.Debug-AOT|Any CPU.Build.0 = Debug|Any CPU
		{15E06A79-66C1-438E-94D5-BCEDBE5494F0}.Debug-UnitySubset-v35|Any CPU.ActiveCfg = Debug|Any CPU
		{15E06A79-66C1-438E-94D5-BCEDBE5494F0}.Debug-UnitySubset-v35|Any CPU.Build.0 = Debug|Any CPU
		{15E06A79-66C1-438E-94D5-BCEDBE5494F0}.Release|Any CPU.ActiveCfg = Release|Any CPU
		{15E06A79-66C1-438E-94D5-BCEDBE5494F0}.Release|Any CPU.Build.0 = Release|Any CPU
		{15E06A79-66C1-438E-94D5-BCEDBE5494F0}.Release-Portable|Any CPU.ActiveCfg = Release|Any CPU
		{15E06A79-66C1-438E-94D5-BCEDBE5494F0}.Release-Portable|Any CPU.Build.0 = Release|Any CPU
		{15E06A79-66C1-438E-94D5-BCEDBE5494F0}.Release-Portable-Signed|Any CPU.ActiveCfg = Release|Any CPU
		{15E06A79-66C1-438E-94D5-BCEDBE5494F0}.Release-Portable-Signed|Any CPU.Build.0 = Release|Any CPU
		{15E06A79-66C1-438E-94D5-BCEDBE5494F0}.Release-Portable-Unsigned|Any CPU.ActiveCfg = Release|Any CPU
		{15E06A79-66C1-438E-94D5-BCEDBE5494F0}.Release-Portable-Unsigned|Any CPU.Build.0 = Release|Any CPU
		{15E06A79-66C1-438E-94D5-BCEDBE5494F0}.Release-Signed|Any CPU.ActiveCfg = Release|Any CPU
		{15E06A79-66C1-438E-94D5-BCEDBE5494F0}.Release-Signed|Any CPU.Build.0 = Release|Any CPU
		{15E06A79-66C1-438E-94D5-BCEDBE5494F0}.Release-UnitySubset-v35|Any CPU.ActiveCfg = Release|Any CPU
		{15E06A79-66C1-438E-94D5-BCEDBE5494F0}.Release-UnitySubset-v35|Any CPU.Build.0 = Release|Any CPU
		{15E06A79-66C1-438E-94D5-BCEDBE5494F0}.Release-Unsigned|Any CPU.ActiveCfg = Release|Any CPU
		{15E06A79-66C1-438E-94D5-BCEDBE5494F0}.Release-Unsigned|Any CPU.Build.0 = Release|Any CPU
		{828311E0-71C0-46EF-9BCE-4454CBD249C8}.Debug|Any CPU.ActiveCfg = Debug|Any CPU
		{828311E0-71C0-46EF-9BCE-4454CBD249C8}.Debug|Any CPU.Build.0 = Debug|Any CPU
		{828311E0-71C0-46EF-9BCE-4454CBD249C8}.Debug-AOT|Any CPU.ActiveCfg = Debug|Any CPU
		{828311E0-71C0-46EF-9BCE-4454CBD249C8}.Debug-AOT|Any CPU.Build.0 = Debug|Any CPU
		{828311E0-71C0-46EF-9BCE-4454CBD249C8}.Debug-UnitySubset-v35|Any CPU.ActiveCfg = Debug|Any CPU
		{828311E0-71C0-46EF-9BCE-4454CBD249C8}.Debug-UnitySubset-v35|Any CPU.Build.0 = Debug|Any CPU
		{828311E0-71C0-46EF-9BCE-4454CBD249C8}.Release|Any CPU.ActiveCfg = Release|Any CPU
		{828311E0-71C0-46EF-9BCE-4454CBD249C8}.Release|Any CPU.Build.0 = Release|Any CPU
		{828311E0-71C0-46EF-9BCE-4454CBD249C8}.Release-Portable|Any CPU.ActiveCfg = Release|Any CPU
		{828311E0-71C0-46EF-9BCE-4454CBD249C8}.Release-Portable|Any CPU.Build.0 = Release|Any CPU
		{828311E0-71C0-46EF-9BCE-4454CBD249C8}.Release-Portable-Signed|Any CPU.ActiveCfg = Release|Any CPU
		{828311E0-71C0-46EF-9BCE-4454CBD249C8}.Release-Portable-Signed|Any CPU.Build.0 = Release|Any CPU
		{828311E0-71C0-46EF-9BCE-4454CBD249C8}.Release-Portable-Unsigned|Any CPU.ActiveCfg = Release|Any CPU
		{828311E0-71C0-46EF-9BCE-4454CBD249C8}.Release-Portable-Unsigned|Any CPU.Build.0 = Release|Any CPU
		{828311E0-71C0-46EF-9BCE-4454CBD249C8}.Release-Signed|Any CPU.ActiveCfg = Release|Any CPU
		{828311E0-71C0-46EF-9BCE-4454CBD249C8}.Release-Signed|Any CPU.Build.0 = Release|Any CPU
		{828311E0-71C0-46EF-9BCE-4454CBD249C8}.Release-UnitySubset-v35|Any CPU.ActiveCfg = Release|Any CPU
		{828311E0-71C0-46EF-9BCE-4454CBD249C8}.Release-UnitySubset-v35|Any CPU.Build.0 = Release|Any CPU
		{828311E0-71C0-46EF-9BCE-4454CBD249C8}.Release-Unsigned|Any CPU.ActiveCfg = Release|Any CPU
		{828311E0-71C0-46EF-9BCE-4454CBD249C8}.Release-Unsigned|Any CPU.Build.0 = Release|Any CPU
		{1B56AB56-2616-4728-A46F-ED382619AF41}.Debug|Any CPU.ActiveCfg = Debug|Any CPU
		{1B56AB56-2616-4728-A46F-ED382619AF41}.Debug|Any CPU.Build.0 = Debug|Any CPU
		{1B56AB56-2616-4728-A46F-ED382619AF41}.Debug-AOT|Any CPU.ActiveCfg = Debug|Any CPU
		{1B56AB56-2616-4728-A46F-ED382619AF41}.Debug-AOT|Any CPU.Build.0 = Debug|Any CPU
		{1B56AB56-2616-4728-A46F-ED382619AF41}.Debug-UnitySubset-v35|Any CPU.ActiveCfg = Debug|Any CPU
		{1B56AB56-2616-4728-A46F-ED382619AF41}.Debug-UnitySubset-v35|Any CPU.Build.0 = Debug|Any CPU
		{1B56AB56-2616-4728-A46F-ED382619AF41}.Release|Any CPU.ActiveCfg = Release|Any CPU
		{1B56AB56-2616-4728-A46F-ED382619AF41}.Release|Any CPU.Build.0 = Release|Any CPU
		{1B56AB56-2616-4728-A46F-ED382619AF41}.Release-Portable|Any CPU.ActiveCfg = Release|Any CPU
		{1B56AB56-2616-4728-A46F-ED382619AF41}.Release-Portable|Any CPU.Build.0 = Release|Any CPU
		{1B56AB56-2616-4728-A46F-ED382619AF41}.Release-Portable-Signed|Any CPU.ActiveCfg = Release|Any CPU
		{1B56AB56-2616-4728-A46F-ED382619AF41}.Release-Portable-Signed|Any CPU.Build.0 = Release|Any CPU
		{1B56AB56-2616-4728-A46F-ED382619AF41}.Release-Portable-Unsigned|Any CPU.ActiveCfg = Release|Any CPU
		{1B56AB56-2616-4728-A46F-ED382619AF41}.Release-Portable-Unsigned|Any CPU.Build.0 = Release|Any CPU
		{1B56AB56-2616-4728-A46F-ED382619AF41}.Release-Signed|Any CPU.ActiveCfg = Release|Any CPU
		{1B56AB56-2616-4728-A46F-ED382619AF41}.Release-Signed|Any CPU.Build.0 = Release|Any CPU
		{1B56AB56-2616-4728-A46F-ED382619AF41}.Release-UnitySubset-v35|Any CPU.ActiveCfg = Release|Any CPU
		{1B56AB56-2616-4728-A46F-ED382619AF41}.Release-UnitySubset-v35|Any CPU.Build.0 = Release|Any CPU
		{1B56AB56-2616-4728-A46F-ED382619AF41}.Release-Unsigned|Any CPU.ActiveCfg = Release|Any CPU
		{1B56AB56-2616-4728-A46F-ED382619AF41}.Release-Unsigned|Any CPU.Build.0 = Release|Any CPU
		{D875B471-F991-4074-9277-710ADA1B4FBF}.Debug|Any CPU.ActiveCfg = Debug|Any CPU
		{D875B471-F991-4074-9277-710ADA1B4FBF}.Debug|Any CPU.Build.0 = Debug|Any CPU
		{D875B471-F991-4074-9277-710ADA1B4FBF}.Debug-AOT|Any CPU.ActiveCfg = Debug|Any CPU
		{D875B471-F991-4074-9277-710ADA1B4FBF}.Debug-AOT|Any CPU.Build.0 = Debug|Any CPU
		{D875B471-F991-4074-9277-710ADA1B4FBF}.Debug-UnitySubset-v35|Any CPU.ActiveCfg = Debug|Any CPU
		{D875B471-F991-4074-9277-710ADA1B4FBF}.Debug-UnitySubset-v35|Any CPU.Build.0 = Debug|Any CPU
		{D875B471-F991-4074-9277-710ADA1B4FBF}.Release|Any CPU.ActiveCfg = Release|Any CPU
		{D875B471-F991-4074-9277-710ADA1B4FBF}.Release|Any CPU.Build.0 = Release|Any CPU
		{D875B471-F991-4074-9277-710ADA1B4FBF}.Release-Portable|Any CPU.ActiveCfg = Release|Any CPU
		{D875B471-F991-4074-9277-710ADA1B4FBF}.Release-Portable|Any CPU.Build.0 = Release|Any CPU
		{D875B471-F991-4074-9277-710ADA1B4FBF}.Release-Portable-Signed|Any CPU.ActiveCfg = Release|Any CPU
		{D875B471-F991-4074-9277-710ADA1B4FBF}.Release-Portable-Signed|Any CPU.Build.0 = Release|Any CPU
		{D875B471-F991-4074-9277-710ADA1B4FBF}.Release-Portable-Unsigned|Any CPU.ActiveCfg = Release|Any CPU
		{D875B471-F991-4074-9277-710ADA1B4FBF}.Release-Portable-Unsigned|Any CPU.Build.0 = Release|Any CPU
		{D875B471-F991-4074-9277-710ADA1B4FBF}.Release-Signed|Any CPU.ActiveCfg = Release|Any CPU
		{D875B471-F991-4074-9277-710ADA1B4FBF}.Release-Signed|Any CPU.Build.0 = Release|Any CPU
		{D875B471-F991-4074-9277-710ADA1B4FBF}.Release-UnitySubset-v35|Any CPU.ActiveCfg = Release|Any CPU
		{D875B471-F991-4074-9277-710ADA1B4FBF}.Release-UnitySubset-v35|Any CPU.Build.0 = Release|Any CPU
		{D875B471-F991-4074-9277-710ADA1B4FBF}.Release-Unsigned|Any CPU.ActiveCfg = Release|Any CPU
		{D875B471-F991-4074-9277-710ADA1B4FBF}.Release-Unsigned|Any CPU.Build.0 = Release|Any CPU
		{070191CD-03E1-4E25-A838-A467CCD7989E}.Debug|Any CPU.ActiveCfg = Debug|Any CPU
		{070191CD-03E1-4E25-A838-A467CCD7989E}.Debug|Any CPU.Build.0 = Debug|Any CPU
		{070191CD-03E1-4E25-A838-A467CCD7989E}.Debug-AOT|Any CPU.ActiveCfg = Debug|Any CPU
		{070191CD-03E1-4E25-A838-A467CCD7989E}.Debug-AOT|Any CPU.Build.0 = Debug|Any CPU
		{070191CD-03E1-4E25-A838-A467CCD7989E}.Debug-UnitySubset-v35|Any CPU.ActiveCfg = Debug|Any CPU
		{070191CD-03E1-4E25-A838-A467CCD7989E}.Debug-UnitySubset-v35|Any CPU.Build.0 = Debug|Any CPU
		{070191CD-03E1-4E25-A838-A467CCD7989E}.Release|Any CPU.ActiveCfg = Release|Any CPU
		{070191CD-03E1-4E25-A838-A467CCD7989E}.Release|Any CPU.Build.0 = Release|Any CPU
		{070191CD-03E1-4E25-A838-A467CCD7989E}.Release-Portable|Any CPU.ActiveCfg = Release|Any CPU
		{070191CD-03E1-4E25-A838-A467CCD7989E}.Release-Portable|Any CPU.Build.0 = Release|Any CPU
		{070191CD-03E1-4E25-A838-A467CCD7989E}.Release-Portable-Signed|Any CPU.ActiveCfg = Release|Any CPU
		{070191CD-03E1-4E25-A838-A467CCD7989E}.Release-Portable-Signed|Any CPU.Build.0 = Release|Any CPU
		{070191CD-03E1-4E25-A838-A467CCD7989E}.Release-Portable-Unsigned|Any CPU.ActiveCfg = Release|Any CPU
		{070191CD-03E1-4E25-A838-A467CCD7989E}.Release-Portable-Unsigned|Any CPU.Build.0 = Release|Any CPU
		{070191CD-03E1-4E25-A838-A467CCD7989E}.Release-Signed|Any CPU.ActiveCfg = Release|Any CPU
		{070191CD-03E1-4E25-A838-A467CCD7989E}.Release-Signed|Any CPU.Build.0 = Release|Any CPU
		{070191CD-03E1-4E25-A838-A467CCD7989E}.Release-UnitySubset-v35|Any CPU.ActiveCfg = Release|Any CPU
		{070191CD-03E1-4E25-A838-A467CCD7989E}.Release-UnitySubset-v35|Any CPU.Build.0 = Release|Any CPU
		{070191CD-03E1-4E25-A838-A467CCD7989E}.Release-Unsigned|Any CPU.ActiveCfg = Release|Any CPU
		{070191CD-03E1-4E25-A838-A467CCD7989E}.Release-Unsigned|Any CPU.Build.0 = Release|Any CPU
		{3D454B05-1979-4D35-81D7-6144FCCC9620}.Debug|Any CPU.ActiveCfg = Debug|Any CPU
		{3D454B05-1979-4D35-81D7-6144FCCC9620}.Debug|Any CPU.Build.0 = Debug|Any CPU
		{3D454B05-1979-4D35-81D7-6144FCCC9620}.Debug-AOT|Any CPU.ActiveCfg = Debug|Any CPU
		{3D454B05-1979-4D35-81D7-6144FCCC9620}.Debug-AOT|Any CPU.Build.0 = Debug|Any CPU
		{3D454B05-1979-4D35-81D7-6144FCCC9620}.Debug-UnitySubset-v35|Any CPU.ActiveCfg = Debug|Any CPU
		{3D454B05-1979-4D35-81D7-6144FCCC9620}.Debug-UnitySubset-v35|Any CPU.Build.0 = Debug|Any CPU
		{3D454B05-1979-4D35-81D7-6144FCCC9620}.Release|Any CPU.ActiveCfg = Release|Any CPU
		{3D454B05-1979-4D35-81D7-6144FCCC9620}.Release|Any CPU.Build.0 = Release|Any CPU
		{3D454B05-1979-4D35-81D7-6144FCCC9620}.Release-Portable|Any CPU.ActiveCfg = Release|Any CPU
		{3D454B05-1979-4D35-81D7-6144FCCC9620}.Release-Portable|Any CPU.Build.0 = Release|Any CPU
		{3D454B05-1979-4D35-81D7-6144FCCC9620}.Release-Portable-Signed|Any CPU.ActiveCfg = Release|Any CPU
		{3D454B05-1979-4D35-81D7-6144FCCC9620}.Release-Portable-Signed|Any CPU.Build.0 = Release|Any CPU
		{3D454B05-1979-4D35-81D7-6144FCCC9620}.Release-Portable-Unsigned|Any CPU.ActiveCfg = Release|Any CPU
		{3D454B05-1979-4D35-81D7-6144FCCC9620}.Release-Portable-Unsigned|Any CPU.Build.0 = Release|Any CPU
		{3D454B05-1979-4D35-81D7-6144FCCC9620}.Release-Signed|Any CPU.ActiveCfg = Release|Any CPU
		{3D454B05-1979-4D35-81D7-6144FCCC9620}.Release-Signed|Any CPU.Build.0 = Release|Any CPU
		{3D454B05-1979-4D35-81D7-6144FCCC9620}.Release-UnitySubset-v35|Any CPU.ActiveCfg = Release|Any CPU
		{3D454B05-1979-4D35-81D7-6144FCCC9620}.Release-UnitySubset-v35|Any CPU.Build.0 = Release|Any CPU
		{3D454B05-1979-4D35-81D7-6144FCCC9620}.Release-Unsigned|Any CPU.ActiveCfg = Release|Any CPU
		{3D454B05-1979-4D35-81D7-6144FCCC9620}.Release-Unsigned|Any CPU.Build.0 = Release|Any CPU
		{B521EA77-9196-4C7A-BB1B-49AD8AFB12D7}.Debug|Any CPU.ActiveCfg = Debug|Any CPU
		{B521EA77-9196-4C7A-BB1B-49AD8AFB12D7}.Debug|Any CPU.Build.0 = Debug|Any CPU
		{B521EA77-9196-4C7A-BB1B-49AD8AFB12D7}.Debug-AOT|Any CPU.ActiveCfg = Debug|Any CPU
		{B521EA77-9196-4C7A-BB1B-49AD8AFB12D7}.Debug-AOT|Any CPU.Build.0 = Debug|Any CPU
		{B521EA77-9196-4C7A-BB1B-49AD8AFB12D7}.Debug-UnitySubset-v35|Any CPU.ActiveCfg = Debug|Any CPU
		{B521EA77-9196-4C7A-BB1B-49AD8AFB12D7}.Debug-UnitySubset-v35|Any CPU.Build.0 = Debug|Any CPU
		{B521EA77-9196-4C7A-BB1B-49AD8AFB12D7}.Release|Any CPU.ActiveCfg = Release|Any CPU
		{B521EA77-9196-4C7A-BB1B-49AD8AFB12D7}.Release|Any CPU.Build.0 = Release|Any CPU
		{B521EA77-9196-4C7A-BB1B-49AD8AFB12D7}.Release-Portable|Any CPU.ActiveCfg = Release|Any CPU
		{B521EA77-9196-4C7A-BB1B-49AD8AFB12D7}.Release-Portable|Any CPU.Build.0 = Release|Any CPU
		{B521EA77-9196-4C7A-BB1B-49AD8AFB12D7}.Release-Portable-Signed|Any CPU.ActiveCfg = Release|Any CPU
		{B521EA77-9196-4C7A-BB1B-49AD8AFB12D7}.Release-Portable-Signed|Any CPU.Build.0 = Release|Any CPU
		{B521EA77-9196-4C7A-BB1B-49AD8AFB12D7}.Release-Portable-Unsigned|Any CPU.ActiveCfg = Release|Any CPU
		{B521EA77-9196-4C7A-BB1B-49AD8AFB12D7}.Release-Portable-Unsigned|Any CPU.Build.0 = Release|Any CPU
		{B521EA77-9196-4C7A-BB1B-49AD8AFB12D7}.Release-Signed|Any CPU.ActiveCfg = Release|Any CPU
		{B521EA77-9196-4C7A-BB1B-49AD8AFB12D7}.Release-Signed|Any CPU.Build.0 = Release|Any CPU
		{B521EA77-9196-4C7A-BB1B-49AD8AFB12D7}.Release-UnitySubset-v35|Any CPU.ActiveCfg = Release|Any CPU
		{B521EA77-9196-4C7A-BB1B-49AD8AFB12D7}.Release-UnitySubset-v35|Any CPU.Build.0 = Release|Any CPU
		{B521EA77-9196-4C7A-BB1B-49AD8AFB12D7}.Release-Unsigned|Any CPU.ActiveCfg = Release|Any CPU
		{B521EA77-9196-4C7A-BB1B-49AD8AFB12D7}.Release-Unsigned|Any CPU.Build.0 = Release|Any CPU
		{03344FDC-5F35-498C-B98B-C429C8E1D4D9}.Debug|Any CPU.ActiveCfg = Debug|Any CPU
		{03344FDC-5F35-498C-B98B-C429C8E1D4D9}.Debug|Any CPU.Build.0 = Debug|Any CPU
		{03344FDC-5F35-498C-B98B-C429C8E1D4D9}.Debug-AOT|Any CPU.ActiveCfg = Debug|Any CPU
		{03344FDC-5F35-498C-B98B-C429C8E1D4D9}.Debug-AOT|Any CPU.Build.0 = Debug|Any CPU
		{03344FDC-5F35-498C-B98B-C429C8E1D4D9}.Debug-UnitySubset-v35|Any CPU.ActiveCfg = Debug|Any CPU
		{03344FDC-5F35-498C-B98B-C429C8E1D4D9}.Debug-UnitySubset-v35|Any CPU.Build.0 = Debug|Any CPU
		{03344FDC-5F35-498C-B98B-C429C8E1D4D9}.Release|Any CPU.ActiveCfg = Release|Any CPU
		{03344FDC-5F35-498C-B98B-C429C8E1D4D9}.Release|Any CPU.Build.0 = Release|Any CPU
		{03344FDC-5F35-498C-B98B-C429C8E1D4D9}.Release-Portable|Any CPU.ActiveCfg = Release|Any CPU
		{03344FDC-5F35-498C-B98B-C429C8E1D4D9}.Release-Portable|Any CPU.Build.0 = Release|Any CPU
		{03344FDC-5F35-498C-B98B-C429C8E1D4D9}.Release-Portable-Signed|Any CPU.ActiveCfg = Release|Any CPU
		{03344FDC-5F35-498C-B98B-C429C8E1D4D9}.Release-Portable-Signed|Any CPU.Build.0 = Release|Any CPU
		{03344FDC-5F35-498C-B98B-C429C8E1D4D9}.Release-Portable-Unsigned|Any CPU.ActiveCfg = Release|Any CPU
		{03344FDC-5F35-498C-B98B-C429C8E1D4D9}.Release-Portable-Unsigned|Any CPU.Build.0 = Release|Any CPU
		{03344FDC-5F35-498C-B98B-C429C8E1D4D9}.Release-Signed|Any CPU.ActiveCfg = Release|Any CPU
		{03344FDC-5F35-498C-B98B-C429C8E1D4D9}.Release-Signed|Any CPU.Build.0 = Release|Any CPU
		{03344FDC-5F35-498C-B98B-C429C8E1D4D9}.Release-UnitySubset-v35|Any CPU.ActiveCfg = Release|Any CPU
		{03344FDC-5F35-498C-B98B-C429C8E1D4D9}.Release-UnitySubset-v35|Any CPU.Build.0 = Release|Any CPU
		{03344FDC-5F35-498C-B98B-C429C8E1D4D9}.Release-Unsigned|Any CPU.ActiveCfg = Release|Any CPU
		{03344FDC-5F35-498C-B98B-C429C8E1D4D9}.Release-Unsigned|Any CPU.Build.0 = Release|Any CPU
		{E778BF62-CE21-4666-96FF-FAA38101137D}.Debug|Any CPU.ActiveCfg = Debug|Any CPU
		{E778BF62-CE21-4666-96FF-FAA38101137D}.Debug|Any CPU.Build.0 = Debug|Any CPU
		{E778BF62-CE21-4666-96FF-FAA38101137D}.Debug-AOT|Any CPU.ActiveCfg = Debug|Any CPU
		{E778BF62-CE21-4666-96FF-FAA38101137D}.Debug-AOT|Any CPU.Build.0 = Debug|Any CPU
		{E778BF62-CE21-4666-96FF-FAA38101137D}.Debug-UnitySubset-v35|Any CPU.ActiveCfg = Debug|Any CPU
		{E778BF62-CE21-4666-96FF-FAA38101137D}.Debug-UnitySubset-v35|Any CPU.Build.0 = Debug|Any CPU
		{E778BF62-CE21-4666-96FF-FAA38101137D}.Release|Any CPU.ActiveCfg = Release|Any CPU
		{E778BF62-CE21-4666-96FF-FAA38101137D}.Release|Any CPU.Build.0 = Release|Any CPU
		{E778BF62-CE21-4666-96FF-FAA38101137D}.Release-Portable|Any CPU.ActiveCfg = Release|Any CPU
		{E778BF62-CE21-4666-96FF-FAA38101137D}.Release-Portable|Any CPU.Build.0 = Release|Any CPU
		{E778BF62-CE21-4666-96FF-FAA38101137D}.Release-Portable-Signed|Any CPU.ActiveCfg = Release|Any CPU
		{E778BF62-CE21-4666-96FF-FAA38101137D}.Release-Portable-Signed|Any CPU.Build.0 = Release|Any CPU
		{E778BF62-CE21-4666-96FF-FAA38101137D}.Release-Portable-Unsigned|Any CPU.ActiveCfg = Release|Any CPU
		{E778BF62-CE21-4666-96FF-FAA38101137D}.Release-Portable-Unsigned|Any CPU.Build.0 = Release|Any CPU
		{E778BF62-CE21-4666-96FF-FAA38101137D}.Release-Signed|Any CPU.ActiveCfg = Release|Any CPU
		{E778BF62-CE21-4666-96FF-FAA38101137D}.Release-Signed|Any CPU.Build.0 = Release|Any CPU
		{E778BF62-CE21-4666-96FF-FAA38101137D}.Release-UnitySubset-v35|Any CPU.ActiveCfg = Release|Any CPU
		{E778BF62-CE21-4666-96FF-FAA38101137D}.Release-UnitySubset-v35|Any CPU.Build.0 = Release|Any CPU
		{E778BF62-CE21-4666-96FF-FAA38101137D}.Release-Unsigned|Any CPU.ActiveCfg = Release|Any CPU
		{E778BF62-CE21-4666-96FF-FAA38101137D}.Release-Unsigned|Any CPU.Build.0 = Release|Any CPU
		{22ED3A26-6B63-460B-A44F-1C9F8EB85152}.Debug|Any CPU.ActiveCfg = Debug|Any CPU
		{22ED3A26-6B63-460B-A44F-1C9F8EB85152}.Debug|Any CPU.Build.0 = Debug|Any CPU
		{22ED3A26-6B63-460B-A44F-1C9F8EB85152}.Debug-AOT|Any CPU.ActiveCfg = Debug|Any CPU
		{22ED3A26-6B63-460B-A44F-1C9F8EB85152}.Debug-AOT|Any CPU.Build.0 = Debug|Any CPU
		{22ED3A26-6B63-460B-A44F-1C9F8EB85152}.Debug-UnitySubset-v35|Any CPU.ActiveCfg = Debug|Any CPU
		{22ED3A26-6B63-460B-A44F-1C9F8EB85152}.Debug-UnitySubset-v35|Any CPU.Build.0 = Debug|Any CPU
		{22ED3A26-6B63-460B-A44F-1C9F8EB85152}.Release|Any CPU.ActiveCfg = Release|Any CPU
		{22ED3A26-6B63-460B-A44F-1C9F8EB85152}.Release|Any CPU.Build.0 = Release|Any CPU
		{22ED3A26-6B63-460B-A44F-1C9F8EB85152}.Release-Portable|Any CPU.ActiveCfg = Release|Any CPU
		{22ED3A26-6B63-460B-A44F-1C9F8EB85152}.Release-Portable|Any CPU.Build.0 = Release|Any CPU
		{22ED3A26-6B63-460B-A44F-1C9F8EB85152}.Release-Portable-Signed|Any CPU.ActiveCfg = Release|Any CPU
		{22ED3A26-6B63-460B-A44F-1C9F8EB85152}.Release-Portable-Signed|Any CPU.Build.0 = Release|Any CPU
		{22ED3A26-6B63-460B-A44F-1C9F8EB85152}.Release-Portable-Unsigned|Any CPU.ActiveCfg = Release|Any CPU
		{22ED3A26-6B63-460B-A44F-1C9F8EB85152}.Release-Portable-Unsigned|Any CPU.Build.0 = Release|Any CPU
		{22ED3A26-6B63-460B-A44F-1C9F8EB85152}.Release-Signed|Any CPU.ActiveCfg = Release|Any CPU
		{22ED3A26-6B63-460B-A44F-1C9F8EB85152}.Release-Signed|Any CPU.Build.0 = Release|Any CPU
		{22ED3A26-6B63-460B-A44F-1C9F8EB85152}.Release-UnitySubset-v35|Any CPU.ActiveCfg = Release|Any CPU
		{22ED3A26-6B63-460B-A44F-1C9F8EB85152}.Release-UnitySubset-v35|Any CPU.Build.0 = Release|Any CPU
		{22ED3A26-6B63-460B-A44F-1C9F8EB85152}.Release-Unsigned|Any CPU.ActiveCfg = Release|Any CPU
		{22ED3A26-6B63-460B-A44F-1C9F8EB85152}.Release-Unsigned|Any CPU.Build.0 = Release|Any CPU
		{6C122FF0-5E61-4786-B2EA-E99B7DC0E32B}.Debug|Any CPU.ActiveCfg = Debug|Any CPU
		{6C122FF0-5E61-4786-B2EA-E99B7DC0E32B}.Debug|Any CPU.Build.0 = Debug|Any CPU
		{6C122FF0-5E61-4786-B2EA-E99B7DC0E32B}.Debug-AOT|Any CPU.ActiveCfg = Debug|Any CPU
		{6C122FF0-5E61-4786-B2EA-E99B7DC0E32B}.Debug-AOT|Any CPU.Build.0 = Debug|Any CPU
		{6C122FF0-5E61-4786-B2EA-E99B7DC0E32B}.Debug-UnitySubset-v35|Any CPU.ActiveCfg = Debug|Any CPU
		{6C122FF0-5E61-4786-B2EA-E99B7DC0E32B}.Debug-UnitySubset-v35|Any CPU.Build.0 = Debug|Any CPU
		{6C122FF0-5E61-4786-B2EA-E99B7DC0E32B}.Release|Any CPU.ActiveCfg = Release|Any CPU
		{6C122FF0-5E61-4786-B2EA-E99B7DC0E32B}.Release|Any CPU.Build.0 = Release|Any CPU
		{6C122FF0-5E61-4786-B2EA-E99B7DC0E32B}.Release-Portable|Any CPU.ActiveCfg = Release|Any CPU
		{6C122FF0-5E61-4786-B2EA-E99B7DC0E32B}.Release-Portable|Any CPU.Build.0 = Release|Any CPU
		{6C122FF0-5E61-4786-B2EA-E99B7DC0E32B}.Release-Portable-Signed|Any CPU.ActiveCfg = Release|Any CPU
		{6C122FF0-5E61-4786-B2EA-E99B7DC0E32B}.Release-Portable-Signed|Any CPU.Build.0 = Release|Any CPU
		{6C122FF0-5E61-4786-B2EA-E99B7DC0E32B}.Release-Portable-Unsigned|Any CPU.ActiveCfg = Release|Any CPU
		{6C122FF0-5E61-4786-B2EA-E99B7DC0E32B}.Release-Portable-Unsigned|Any CPU.Build.0 = Release|Any CPU
		{6C122FF0-5E61-4786-B2EA-E99B7DC0E32B}.Release-Signed|Any CPU.ActiveCfg = Release|Any CPU
		{6C122FF0-5E61-4786-B2EA-E99B7DC0E32B}.Release-Signed|Any CPU.Build.0 = Release|Any CPU
		{6C122FF0-5E61-4786-B2EA-E99B7DC0E32B}.Release-UnitySubset-v35|Any CPU.ActiveCfg = Release|Any CPU
		{6C122FF0-5E61-4786-B2EA-E99B7DC0E32B}.Release-UnitySubset-v35|Any CPU.Build.0 = Release|Any CPU
		{6C122FF0-5E61-4786-B2EA-E99B7DC0E32B}.Release-Unsigned|Any CPU.ActiveCfg = Release|Any CPU
		{6C122FF0-5E61-4786-B2EA-E99B7DC0E32B}.Release-Unsigned|Any CPU.Build.0 = Release|Any CPU
		{300CE1CE-65A5-4C07-873D-96A5E4B1041D}.Debug|Any CPU.ActiveCfg = Debug|Any CPU
		{300CE1CE-65A5-4C07-873D-96A5E4B1041D}.Debug|Any CPU.Build.0 = Debug|Any CPU
		{300CE1CE-65A5-4C07-873D-96A5E4B1041D}.Debug-AOT|Any CPU.ActiveCfg = Debug|Any CPU
		{300CE1CE-65A5-4C07-873D-96A5E4B1041D}.Debug-AOT|Any CPU.Build.0 = Debug|Any CPU
		{300CE1CE-65A5-4C07-873D-96A5E4B1041D}.Debug-UnitySubset-v35|Any CPU.ActiveCfg = Debug|Any CPU
		{300CE1CE-65A5-4C07-873D-96A5E4B1041D}.Debug-UnitySubset-v35|Any CPU.Build.0 = Debug|Any CPU
		{300CE1CE-65A5-4C07-873D-96A5E4B1041D}.Release|Any CPU.ActiveCfg = Release|Any CPU
		{300CE1CE-65A5-4C07-873D-96A5E4B1041D}.Release|Any CPU.Build.0 = Release|Any CPU
		{300CE1CE-65A5-4C07-873D-96A5E4B1041D}.Release-Portable|Any CPU.ActiveCfg = Release|Any CPU
		{300CE1CE-65A5-4C07-873D-96A5E4B1041D}.Release-Portable|Any CPU.Build.0 = Release|Any CPU
		{300CE1CE-65A5-4C07-873D-96A5E4B1041D}.Release-Portable-Signed|Any CPU.ActiveCfg = Release|Any CPU
		{300CE1CE-65A5-4C07-873D-96A5E4B1041D}.Release-Portable-Signed|Any CPU.Build.0 = Release|Any CPU
		{300CE1CE-65A5-4C07-873D-96A5E4B1041D}.Release-Portable-Unsigned|Any CPU.ActiveCfg = Release|Any CPU
		{300CE1CE-65A5-4C07-873D-96A5E4B1041D}.Release-Portable-Unsigned|Any CPU.Build.0 = Release|Any CPU
		{300CE1CE-65A5-4C07-873D-96A5E4B1041D}.Release-Signed|Any CPU.ActiveCfg = Release|Any CPU
		{300CE1CE-65A5-4C07-873D-96A5E4B1041D}.Release-Signed|Any CPU.Build.0 = Release|Any CPU
		{300CE1CE-65A5-4C07-873D-96A5E4B1041D}.Release-UnitySubset-v35|Any CPU.ActiveCfg = Release|Any CPU
		{300CE1CE-65A5-4C07-873D-96A5E4B1041D}.Release-UnitySubset-v35|Any CPU.Build.0 = Release|Any CPU
		{300CE1CE-65A5-4C07-873D-96A5E4B1041D}.Release-Unsigned|Any CPU.ActiveCfg = Release|Any CPU
		{300CE1CE-65A5-4C07-873D-96A5E4B1041D}.Release-Unsigned|Any CPU.Build.0 = Release|Any CPU
		{E2801089-7B27-4579-AF0A-FEE1B6BD73F5}.Debug|Any CPU.ActiveCfg = Debug|Any CPU
		{E2801089-7B27-4579-AF0A-FEE1B6BD73F5}.Debug|Any CPU.Build.0 = Debug|Any CPU
		{E2801089-7B27-4579-AF0A-FEE1B6BD73F5}.Debug-AOT|Any CPU.ActiveCfg = Debug|Any CPU
		{E2801089-7B27-4579-AF0A-FEE1B6BD73F5}.Debug-AOT|Any CPU.Build.0 = Debug|Any CPU
		{E2801089-7B27-4579-AF0A-FEE1B6BD73F5}.Debug-UnitySubset-v35|Any CPU.ActiveCfg = Debug|Any CPU
		{E2801089-7B27-4579-AF0A-FEE1B6BD73F5}.Debug-UnitySubset-v35|Any CPU.Build.0 = Debug|Any CPU
		{E2801089-7B27-4579-AF0A-FEE1B6BD73F5}.Release|Any CPU.ActiveCfg = Release|Any CPU
		{E2801089-7B27-4579-AF0A-FEE1B6BD73F5}.Release|Any CPU.Build.0 = Release|Any CPU
		{E2801089-7B27-4579-AF0A-FEE1B6BD73F5}.Release-Portable|Any CPU.ActiveCfg = Release|Any CPU
		{E2801089-7B27-4579-AF0A-FEE1B6BD73F5}.Release-Portable|Any CPU.Build.0 = Release|Any CPU
		{E2801089-7B27-4579-AF0A-FEE1B6BD73F5}.Release-Portable-Signed|Any CPU.ActiveCfg = Release|Any CPU
		{E2801089-7B27-4579-AF0A-FEE1B6BD73F5}.Release-Portable-Signed|Any CPU.Build.0 = Release|Any CPU
		{E2801089-7B27-4579-AF0A-FEE1B6BD73F5}.Release-Portable-Unsigned|Any CPU.ActiveCfg = Release|Any CPU
		{E2801089-7B27-4579-AF0A-FEE1B6BD73F5}.Release-Portable-Unsigned|Any CPU.Build.0 = Release|Any CPU
		{E2801089-7B27-4579-AF0A-FEE1B6BD73F5}.Release-Signed|Any CPU.ActiveCfg = Release|Any CPU
		{E2801089-7B27-4579-AF0A-FEE1B6BD73F5}.Release-Signed|Any CPU.Build.0 = Release|Any CPU
		{E2801089-7B27-4579-AF0A-FEE1B6BD73F5}.Release-UnitySubset-v35|Any CPU.ActiveCfg = Release|Any CPU
		{E2801089-7B27-4579-AF0A-FEE1B6BD73F5}.Release-UnitySubset-v35|Any CPU.Build.0 = Release|Any CPU
		{E2801089-7B27-4579-AF0A-FEE1B6BD73F5}.Release-Unsigned|Any CPU.ActiveCfg = Release|Any CPU
		{E2801089-7B27-4579-AF0A-FEE1B6BD73F5}.Release-Unsigned|Any CPU.Build.0 = Release|Any CPU
	EndGlobalSection
	GlobalSection(SolutionProperties) = preSolution
		HideSolutionNode = FALSE
	EndGlobalSection
	GlobalSection(NestedProjects) = preSolution
		{116B0FF3-C479-4C6D-A29A-A729A7D1E3BD} = {89751C2D-8A75-4DC1-8564-CC1A3794A10B}
		{16452970-3D90-4595-9F04-38FF37991B68} = {454E4909-62BC-476A-8B78-30D4C058A2CB}
		{15E06A79-66C1-438E-94D5-BCEDBE5494F0} = {89751C2D-8A75-4DC1-8564-CC1A3794A10B}
		{828311E0-71C0-46EF-9BCE-4454CBD249C8} = {454E4909-62BC-476A-8B78-30D4C058A2CB}
		{1B56AB56-2616-4728-A46F-ED382619AF41} = {A374734F-194F-46CE-B50E-B9A3AF482C45}
		{D875B471-F991-4074-9277-710ADA1B4FBF} = {A374734F-194F-46CE-B50E-B9A3AF482C45}
		{070191CD-03E1-4E25-A838-A467CCD7989E} = {A374734F-194F-46CE-B50E-B9A3AF482C45}
		{3D454B05-1979-4D35-81D7-6144FCCC9620} = {A374734F-194F-46CE-B50E-B9A3AF482C45}
		{B521EA77-9196-4C7A-BB1B-49AD8AFB12D7} = {A374734F-194F-46CE-B50E-B9A3AF482C45}
		{03344FDC-5F35-498C-B98B-C429C8E1D4D9} = {A374734F-194F-46CE-B50E-B9A3AF482C45}
		{E778BF62-CE21-4666-96FF-FAA38101137D} = {A374734F-194F-46CE-B50E-B9A3AF482C45}
		{22ED3A26-6B63-460B-A44F-1C9F8EB85152} = {89751C2D-8A75-4DC1-8564-CC1A3794A10B}
		{6C122FF0-5E61-4786-B2EA-E99B7DC0E32B} = {A374734F-194F-46CE-B50E-B9A3AF482C45}
		{300CE1CE-65A5-4C07-873D-96A5E4B1041D} = {A374734F-194F-46CE-B50E-B9A3AF482C45}
		{E2801089-7B27-4579-AF0A-FEE1B6BD73F5} = {A374734F-194F-46CE-B50E-B9A3AF482C45}
	EndGlobalSection
EndGlobal
